
Microsoft Visual Studio Solution File, Format Version 12.00
# Visual Studio Version 17
VisualStudioVersion = 17.0.31903.59
MinimumVisualStudioVersion = 10.0.40219.1
Project("{2150E333-8FDC-42A3-9474-1A3956D46DE8}") = "src", "src", "{827E0CD3-B72D-47B6-A68D-7590B98EB39B}"
EndProject
Project("{FAE04EC0-301F-11D3-BF4B-00C04F79EFBC}") = "Mammoth.LiteMapper", "src\Mammoth.LiteMapper\Mammoth.LiteMapper.csproj", "{4B4EC83E-2794-469A-87BB-D152A047BDA9}"
EndProject
Project("{FAE04EC0-301F-11D3-BF4B-00C04F79EFBC}") = "Mammoth.LiteMapper.Abstractions", "src\Mammoth.LiteMapper.Abstractions\Mammoth.LiteMapper.Abstractions.csproj", "{723164FA-7035-46C7-B349-B154ABAC9139}"
EndProject
Project("{FAE04EC0-301F-11D3-BF4B-00C04F79EFBC}") = "Mammoth.LiteMapper.Generator", "src\Mammoth.LiteMapper.Generator\Mammoth.LiteMapper.Generator.csproj", "{674F176D-B422-48A7-8806-342285AE7BB2}"
EndProject
Project("{2150E333-8FDC-42A3-9474-1A3956D46DE8}") = "tests", "tests", "{0AB3BF05-4346-4AA6-1389-037BE0695223}"
EndProject
Project("{FAE04EC0-301F-11D3-BF4B-00C04F79EFBC}") = "Mammoth.LiteMapper.Generator.Tests", "tests\Mammoth.LiteMapper.Generator.Tests\Mammoth.LiteMapper.Generator.Tests.csproj", "{490B9D73-BD11-409A-AD32-5AC2D4946CF3}"
EndProject
Project("{FAE04EC0-301F-11D3-BF4B-00C04F79EFBC}") = "Mammoth.LiteMapper.Runtime.Tests", "tests\Mammoth.LiteMapper.Runtime.Tests\Mammoth.LiteMapper.Runtime.Tests.csproj", "{0A429483-44E1-4590-B63A-1A8FBC9CC417}"
EndProject
Project("{FAE04EC0-301F-11D3-BF4B-00C04F79EFBC}") = "Mammoth.LiteMapper.Packaging.Tests", "tests\Mammoth.LiteMapper.Packaging.Tests\Mammoth.LiteMapper.Packaging.Tests.csproj", "{DF2A75F8-6465-4363-8122-D496115D1993}"
EndProject
Project("{FAE04EC0-301F-11D3-BF4B-00C04F79EFBC}") = "Mammoth.LiteMapper.IntegrationTests", "tests\Mammoth.LiteMapper.IntegrationTests\Mammoth.LiteMapper.IntegrationTests.csproj", "{5C566A70-5A70-4B01-9055-5E5D5807C058}"
EndProject
Project("{2150E333-8FDC-42A3-9474-1A3956D46DE8}") = "samples", "samples", "{5D20AA90-6969-D8BD-9DCD-8634F4692FDA}"
EndProject
Project("{FAE04EC0-301F-11D3-BF4B-00C04F79EFBC}") = "Mammoth.LiteMapper.Samples.Basic", "samples\Mammoth.LiteMapper.Samples.Basic\Mammoth.LiteMapper.Samples.Basic.csproj", "{0B0381E3-80BB-40A8-B26C-4EE1F44D576E}"
EndProject
Project("{FAE04EC0-301F-11D3-BF4B-00C04F79EFBC}") = "Mammoth.LiteMapper.Samples.Collections", "samples\Mammoth.LiteMapper.Samples.Collections\Mammoth.LiteMapper.Samples.Collections.csproj", "{FC894934-E1D0-476C-8FE7-E0A9088F7E10}"
EndProject
Project("{FAE04EC0-301F-11D3-BF4B-00C04F79EFBC}") = "Mammoth.LiteMapper.Samples.AspNetCore", "samples\Mammoth.LiteMapper.Samples.AspNetCore\Mammoth.LiteMapper.Samples.AspNetCore.csproj", "{77429349-3F3A-4DDA-B18A-D148612D07DD}"
EndProject
Project("{2150E333-8FDC-42A3-9474-1A3956D46DE8}") = "benchmarks", "benchmarks", "{66320409-64EC-F7C5-3DEF-65E7510DAAD1}"
EndProject
Project("{FAE04EC0-301F-11D3-BF4B-00C04F79EFBC}") = "Mammoth.LiteMapper.Benchmarks", "benchmarks\Mammoth.LiteMapper.Benchmarks\Mammoth.LiteMapper.Benchmarks.csproj", "{9FAC9778-94D0-4ADC-B2FE-6DBC5715A38E}"
EndProject
Global
	GlobalSection(SolutionConfigurationPlatforms) = preSolution
		Debug|Any CPU = Debug|Any CPU
		Debug|x64 = Debug|x64
		Debug|x86 = Debug|x86
		Release|Any CPU = Release|Any CPU
		Release|x64 = Release|x64
		Release|x86 = Release|x86
	EndGlobalSection
	GlobalSection(ProjectConfigurationPlatforms) = postSolution
		{4B4EC83E-2794-469A-87BB-D152A047BDA9}.Debug|Any CPU.ActiveCfg = Debug|Any CPU
		{4B4EC83E-2794-469A-87BB-D152A047BDA9}.Debug|Any CPU.Build.0 = Debug|Any CPU
		{4B4EC83E-2794-469A-87BB-D152A047BDA9}.Debug|x64.ActiveCfg = Debug|Any CPU
		{4B4EC83E-2794-469A-87BB-D152A047BDA9}.Debug|x64.Build.0 = Debug|Any CPU
		{4B4EC83E-2794-469A-87BB-D152A047BDA9}.Debug|x86.ActiveCfg = Debug|Any CPU
		{4B4EC83E-2794-469A-87BB-D152A047BDA9}.Debug|x86.Build.0 = Debug|Any CPU
		{4B4EC83E-2794-469A-87BB-D152A047BDA9}.Release|Any CPU.ActiveCfg = Release|Any CPU
		{4B4EC83E-2794-469A-87BB-D152A047BDA9}.Release|Any CPU.Build.0 = Release|Any CPU
		{4B4EC83E-2794-469A-87BB-D152A047BDA9}.Release|x64.ActiveCfg = Release|Any CPU
		{4B4EC83E-2794-469A-87BB-D152A047BDA9}.Release|x64.Build.0 = Release|Any CPU
		{4B4EC83E-2794-469A-87BB-D152A047BDA9}.Release|x86.ActiveCfg = Release|Any CPU
		{4B4EC83E-2794-469A-87BB-D152A047BDA9}.Release|x86.Build.0 = Release|Any CPU
		{723164FA-7035-46C7-B349-B154ABAC9139}.Debug|Any CPU.ActiveCfg = Debug|Any CPU
		{723164FA-7035-46C7-B349-B154ABAC9139}.Debug|Any CPU.Build.0 = Debug|Any CPU
		{723164FA-7035-46C7-B349-B154ABAC9139}.Debug|x64.ActiveCfg = Debug|Any CPU
		{723164FA-7035-46C7-B349-B154ABAC9139}.Debug|x64.Build.0 = Debug|Any CPU
		{723164FA-7035-46C7-B349-B154ABAC9139}.Debug|x86.ActiveCfg = Debug|Any CPU
		{723164FA-7035-46C7-B349-B154ABAC9139}.Debug|x86.Build.0 = Debug|Any CPU
		{723164FA-7035-46C7-B349-B154ABAC9139}.Release|Any CPU.ActiveCfg = Release|Any CPU
		{723164FA-7035-46C7-B349-B154ABAC9139}.Release|Any CPU.Build.0 = Release|Any CPU
		{723164FA-7035-46C7-B349-B154ABAC9139}.Release|x64.ActiveCfg = Release|Any CPU
		{723164FA-7035-46C7-B349-B154ABAC9139}.Release|x64.Build.0 = Release|Any CPU
		{723164FA-7035-46C7-B349-B154ABAC9139}.Release|x86.ActiveCfg = Release|Any CPU
		{723164FA-7035-46C7-B349-B154ABAC9139}.Release|x86.Build.0 = Release|Any CPU
		{674F176D-B422-48A7-8806-342285AE7BB2}.Debug|Any CPU.ActiveCfg = Debug|Any CPU
		{674F176D-B422-48A7-8806-342285AE7BB2}.Debug|Any CPU.Build.0 = Debug|Any CPU
		{674F176D-B422-48A7-8806-342285AE7BB2}.Debug|x64.ActiveCfg = Debug|Any CPU
		{674F176D-B422-48A7-8806-342285AE7BB2}.Debug|x64.Build.0 = Debug|Any CPU
		{674F176D-B422-48A7-8806-342285AE7BB2}.Debug|x86.ActiveCfg = Debug|Any CPU
		{674F176D-B422-48A7-8806-342285AE7BB2}.Debug|x86.Build.0 = Debug|Any CPU
		{674F176D-B422-48A7-8806-342285AE7BB2}.Release|Any CPU.ActiveCfg = Release|Any CPU
		{674F176D-B422-48A7-8806-342285AE7BB2}.Release|Any CPU.Build.0 = Release|Any CPU
		{674F176D-B422-48A7-8806-342285AE7BB2}.Release|x64.ActiveCfg = Release|Any CPU
		{674F176D-B422-48A7-8806-342285AE7BB2}.Release|x64.Build.0 = Release|Any CPU
		{674F176D-B422-48A7-8806-342285AE7BB2}.Release|x86.ActiveCfg = Release|Any CPU
		{674F176D-B422-48A7-8806-342285AE7BB2}.Release|x86.Build.0 = Release|Any CPU
		{490B9D73-BD11-409A-AD32-5AC2D4946CF3}.Debug|Any CPU.ActiveCfg = Debug|Any CPU
		{490B9D73-BD11-409A-AD32-5AC2D4946CF3}.Debug|Any CPU.Build.0 = Debug|Any CPU
		{490B9D73-BD11-409A-AD32-5AC2D4946CF3}.Debug|x64.ActiveCfg = Debug|Any CPU
		{490B9D73-BD11-409A-AD32-5AC2D4946CF3}.Debug|x64.Build.0 = Debug|Any CPU
		{490B9D73-BD11-409A-AD32-5AC2D4946CF3}.Debug|x86.ActiveCfg = Debug|Any CPU
		{490B9D73-BD11-409A-AD32-5AC2D4946CF3}.Debug|x86.Build.0 = Debug|Any CPU
		{490B9D73-BD11-409A-AD32-5AC2D4946CF3}.Release|Any CPU.ActiveCfg = Release|Any CPU
		{490B9D73-BD11-409A-AD32-5AC2D4946CF3}.Release|Any CPU.Build.0 = Release|Any CPU
		{490B9D73-BD11-409A-AD32-5AC2D4946CF3}.Release|x64.ActiveCfg = Release|Any CPU
		{490B9D73-BD11-409A-AD32-5AC2D4946CF3}.Release|x64.Build.0 = Release|Any CPU
		{490B9D73-BD11-409A-AD32-5AC2D4946CF3}.Release|x86.ActiveCfg = Release|Any CPU
		{490B9D73-BD11-409A-AD32-5AC2D4946CF3}.Release|x86.Build.0 = Release|Any CPU
		{0A429483-44E1-4590-B63A-1A8FBC9CC417}.Debug|Any CPU.ActiveCfg = Debug|Any CPU
		{0A429483-44E1-4590-B63A-1A8FBC9CC417}.Debug|Any CPU.Build.0 = Debug|Any CPU
		{0A429483-44E1-4590-B63A-1A8FBC9CC417}.Debug|x64.ActiveCfg = Debug|Any CPU
		{0A429483-44E1-4590-B63A-1A8FBC9CC417}.Debug|x64.Build.0 = Debug|Any CPU
		{0A429483-44E1-4590-B63A-1A8FBC9CC417}.Debug|x86.ActiveCfg = Debug|Any CPU
		{0A429483-44E1-4590-B63A-1A8FBC9CC417}.Debug|x86.Build.0 = Debug|Any CPU
		{0A429483-44E1-4590-B63A-1A8FBC9CC417}.Release|Any CPU.ActiveCfg = Release|Any CPU
		{0A429483-44E1-4590-B63A-1A8FBC9CC417}.Release|Any CPU.Build.0 = Release|Any CPU
		{0A429483-44E1-4590-B63A-1A8FBC9CC417}.Release|x64.ActiveCfg = Release|Any CPU
		{0A429483-44E1-4590-B63A-1A8FBC9CC417}.Release|x64.Build.0 = Release|Any CPU
		{0A429483-44E1-4590-B63A-1A8FBC9CC417}.Release|x86.ActiveCfg = Release|Any CPU
		{0A429483-44E1-4590-B63A-1A8FBC9CC417}.Release|x86.Build.0 = Release|Any CPU
		{DF2A75F8-6465-4363-8122-D496115D1993}.Debug|Any CPU.ActiveCfg = Debug|Any CPU
		{DF2A75F8-6465-4363-8122-D496115D1993}.Debug|Any CPU.Build.0 = Debug|Any CPU
		{DF2A75F8-6465-4363-8122-D496115D1993}.Debug|x64.ActiveCfg = Debug|Any CPU
		{DF2A75F8-6465-4363-8122-D496115D1993}.Debug|x64.Build.0 = Debug|Any CPU
		{DF2A75F8-6465-4363-8122-D496115D1993}.Debug|x86.ActiveCfg = Debug|Any CPU
		{DF2A75F8-6465-4363-8122-D496115D1993}.Debug|x86.Build.0 = Debug|Any CPU
		{DF2A75F8-6465-4363-8122-D496115D1993}.Release|Any CPU.ActiveCfg = Release|Any CPU
		{DF2A75F8-6465-4363-8122-D496115D1993}.Release|Any CPU.Build.0 = Release|Any CPU
		{DF2A75F8-6465-4363-8122-D496115D1993}.Release|x64.ActiveCfg = Release|Any CPU
		{DF2A75F8-6465-4363-8122-D496115D1993}.Release|x64.Build.0 = Release|Any CPU
		{DF2A75F8-6465-4363-8122-D496115D1993}.Release|x86.ActiveCfg = Release|Any CPU
		{DF2A75F8-6465-4363-8122-D496115D1993}.Release|x86.Build.0 = Release|Any CPU
		{5C566A70-5A70-4B01-9055-5E5D5807C058}.Debug|Any CPU.ActiveCfg = Debug|Any CPU
		{5C566A70-5A70-4B01-9055-5E5D5807C058}.Debug|Any CPU.Build.0 = Debug|Any CPU
		{5C566A70-5A70-4B01-9055-5E5D5807C058}.Debug|x64.ActiveCfg = Debug|Any CPU
		{5C566A70-5A70-4B01-9055-5E5D5807C058}.Debug|x64.Build.0 = Debug|Any CPU
		{5C566A70-5A70-4B01-9055-5E5D5807C058}.Debug|x86.ActiveCfg = Debug|Any CPU
		{5C566A70-5A70-4B01-9055-5E5D5807C058}.Debug|x86.Build.0 = Debug|Any CPU
		{5C566A70-5A70-4B01-9055-5E5D5807C058}.Release|Any CPU.ActiveCfg = Release|Any CPU
		{5C566A70-5A70-4B01-9055-5E5D5807C058}.Release|Any CPU.Build.0 = Release|Any CPU
		{5C566A70-5A70-4B01-9055-5E5D5807C058}.Release|x64.ActiveCfg = Release|Any CPU
		{5C566A70-5A70-4B01-9055-5E5D5807C058}.Release|x64.Build.0 = Release|Any CPU
		{5C566A70-5A70-4B01-9055-5E5D5807C058}.Release|x86.ActiveCfg = Release|Any CPU
		{5C566A70-5A70-4B01-9055-5E5D5807C058}.Release|x86.Build.0 = Release|Any CPU
		{0B0381E3-80BB-40A8-B26C-4EE1F44D576E}.Debug|Any CPU.ActiveCfg = Debug|Any CPU
		{0B0381E3-80BB-40A8-B26C-4EE1F44D576E}.Debug|Any CPU.Build.0 = Debug|Any CPU
		{0B0381E3-80BB-40A8-B26C-4EE1F44D576E}.Debug|x64.ActiveCfg = Debug|Any CPU
		{0B0381E3-80BB-40A8-B26C-4EE1F44D576E}.Debug|x64.Build.0 = Debug|Any CPU
		{0B0381E3-80BB-40A8-B26C-4EE1F44D576E}.Debug|x86.ActiveCfg = Debug|Any CPU
		{0B0381E3-80BB-40A8-B26C-4EE1F44D576E}.Debug|x86.Build.0 = Debug|Any CPU
		{0B0381E3-80BB-40A8-B26C-4EE1F44D576E}.Release|Any CPU.ActiveCfg = Release|Any CPU
		{0B0381E3-80BB-40A8-B26C-4EE1F44D576E}.Release|Any CPU.Build.0 = Release|Any CPU
		{0B0381E3-80BB-40A8-B26C-4EE1F44D576E}.Release|x64.ActiveCfg = Release|Any CPU
		{0B0381E3-80BB-40A8-B26C-4EE1F44D576E}.Release|x64.Build.0 = Release|Any CPU
		{0B0381E3-80BB-40A8-B26C-4EE1F44D576E}.Release|x86.ActiveCfg = Release|Any CPU
		{0B0381E3-80BB-40A8-B26C-4EE1F44D576E}.Release|x86.Build.0 = Release|Any CPU
		{FC894934-E1D0-476C-8FE7-E0A9088F7E10}.Debug|Any CPU.ActiveCfg = Debug|Any CPU
		{FC894934-E1D0-476C-8FE7-E0A9088F7E10}.Debug|Any CPU.Build.0 = Debug|Any CPU
		{FC894934-E1D0-476C-8FE7-E0A9088F7E10}.Debug|x64.ActiveCfg = Debug|Any CPU
		{FC894934-E1D0-476C-8FE7-E0A9088F7E10}.Debug|x64.Build.0 = Debug|Any CPU
		{FC894934-E1D0-476C-8FE7-E0A9088F7E10}.Debug|x86.ActiveCfg = Debug|Any CPU
		{FC894934-E1D0-476C-8FE7-E0A9088F7E10}.Debug|x86.Build.0 = Debug|Any CPU
		{FC894934-E1D0-476C-8FE7-E0A9088F7E10}.Release|Any CPU.ActiveCfg = Release|Any CPU
		{FC894934-E1D0-476C-8FE7-E0A9088F7E10}.Release|Any CPU.Build.0 = Release|Any CPU
		{FC894934-E1D0-476C-8FE7-E0A9088F7E10}.Release|x64.ActiveCfg = Release|Any CPU
		{FC894934-E1D0-476C-8FE7-E0A9088F7E10}.Release|x64.Build.0 = Release|Any CPU
		{FC894934-E1D0-476C-8FE7-E0A9088F7E10}.Release|x86.ActiveCfg = Release|Any CPU
		{FC894934-E1D0-476C-8FE7-E0A9088F7E10}.Release|x86.Build.0 = Release|Any CPU
		{77429349-3F3A-4DDA-B18A-D148612D07DD}.Debug|Any CPU.ActiveCfg = Debug|Any CPU
		{77429349-3F3A-4DDA-B18A-D148612D07DD}.Debug|Any CPU.Build.0 = Debug|Any CPU
		{77429349-3F3A-4DDA-B18A-D148612D07DD}.Debug|x64.ActiveCfg = Debug|Any CPU
		{77429349-3F3A-4DDA-B18A-D148612D07DD}.Debug|x64.Build.0 = Debug|Any CPU
		{77429349-3F3A-4DDA-B18A-D148612D07DD}.Debug|x86.ActiveCfg = Debug|Any CPU
		{77429349-3F3A-4DDA-B18A-D148612D07DD}.Debug|x86.Build.0 = Debug|Any CPU
		{77429349-3F3A-4DDA-B18A-D148612D07DD}.Release|Any CPU.ActiveCfg = Release|Any CPU
		{77429349-3F3A-4DDA-B18A-D148612D07DD}.Release|Any CPU.Build.0 = Release|Any CPU
		{77429349-3F3A-4DDA-B18A-D148612D07DD}.Release|x64.ActiveCfg = Release|Any CPU
		{77429349-3F3A-4DDA-B18A-D148612D07DD}.Release|x64.Build.0 = Release|Any CPU
		{77429349-3F3A-4DDA-B18A-D148612D07DD}.Release|x86.ActiveCfg = Release|Any CPU
		{77429349-3F3A-4DDA-B18A-D148612D07DD}.Release|x86.Build.0 = Release|Any CPU
		{9FAC9778-94D0-4ADC-B2FE-6DBC5715A38E}.Debug|Any CPU.ActiveCfg = Debug|Any CPU
		{9FAC9778-94D0-4ADC-B2FE-6DBC5715A38E}.Debug|Any CPU.Build.0 = Debug|Any CPU
		{9FAC9778-94D0-4ADC-B2FE-6DBC5715A38E}.Debug|x64.ActiveCfg = Debug|Any CPU
		{9FAC9778-94D0-4ADC-B2FE-6DBC5715A38E}.Debug|x64.Build.0 = Debug|Any CPU
		{9FAC9778-94D0-4ADC-B2FE-6DBC5715A38E}.Debug|x86.ActiveCfg = Debug|Any CPU
		{9FAC9778-94D0-4ADC-B2FE-6DBC5715A38E}.Debug|x86.Build.0 = Debug|Any CPU
		{9FAC9778-94D0-4ADC-B2FE-6DBC5715A38E}.Release|Any CPU.ActiveCfg = Release|Any CPU
		{9FAC9778-94D0-4ADC-B2FE-6DBC5715A38E}.Release|Any CPU.Build.0 = Release|Any CPU
		{9FAC9778-94D0-4ADC-B2FE-6DBC5715A38E}.Release|x64.ActiveCfg = Release|Any CPU
		{9FAC9778-94D0-4ADC-B2FE-6DBC5715A38E}.Release|x64.Build.0 = Release|Any CPU
		{9FAC9778-94D0-4ADC-B2FE-6DBC5715A38E}.Release|x86.ActiveCfg = Release|Any CPU
		{9FAC9778-94D0-4ADC-B2FE-6DBC5715A38E}.Release|x86.Build.0 = Release|Any CPU
	EndGlobalSection
	GlobalSection(SolutionProperties) = preSolution
		HideSolutionNode = FALSE
	EndGlobalSection
	GlobalSection(NestedProjects) = preSolution
		{4B4EC83E-2794-469A-87BB-D152A047BDA9} = {827E0CD3-B72D-47B6-A68D-7590B98EB39B}
		{723164FA-7035-46C7-B349-B154ABAC9139} = {827E0CD3-B72D-47B6-A68D-7590B98EB39B}
		{674F176D-B422-48A7-8806-342285AE7BB2} = {827E0CD3-B72D-47B6-A68D-7590B98EB39B}
		{490B9D73-BD11-409A-AD32-5AC2D4946CF3} = {0AB3BF05-4346-4AA6-1389-037BE0695223}
		{0A429483-44E1-4590-B63A-1A8FBC9CC417} = {0AB3BF05-4346-4AA6-1389-037BE0695223}
		{DF2A75F8-6465-4363-8122-D496115D1993} = {0AB3BF05-4346-4AA6-1389-037BE0695223}
		{5C566A70-5A70-4B01-9055-5E5D5807C058} = {0AB3BF05-4346-4AA6-1389-037BE0695223}
		{0B0381E3-80BB-40A8-B26C-4EE1F44D576E} = {5D20AA90-6969-D8BD-9DCD-8634F4692FDA}
		{FC894934-E1D0-476C-8FE7-E0A9088F7E10} = {5D20AA90-6969-D8BD-9DCD-8634F4692FDA}
		{77429349-3F3A-4DDA-B18A-D148612D07DD} = {5D20AA90-6969-D8BD-9DCD-8634F4692FDA}
		{9FAC9778-94D0-4ADC-B2FE-6DBC5715A38E} = {66320409-64EC-F7C5-3DEF-65E7510DAAD1}
	EndGlobalSection
EndGlobal
